
Microsoft Visual Studio Solution File, Format Version 12.00
# Visual Studio Version 17
VisualStudioVersion = 17.5.33516.290
MinimumVisualStudioVersion = 10.0.40219.1
Project("{FAE04EC0-301F-11D3-BF4B-00C04F79EFBC}") = "WeakAuraManager", "WeakAuraManager\WeakAuraManager.csproj", "{3CC95451-4A9E-4FFA-8CAA-35C786248F68}"
EndProject
Global
	GlobalSection(SolutionConfigurationPlatforms) = preSolution
		Debug|Any CPU = Debug|Any CPU
		Release|Any CPU = Release|Any CPU
	EndGlobalSection
	GlobalSection(ProjectConfigurationPlatforms) = postSolution
		{3CC95451-4A9E-4FFA-8CAA-35C786248F68}.Debug|Any CPU.ActiveCfg = Debug|Any CPU
		{3CC95451-4A9E-4FFA-8CAA-35C786248F68}.Debug|Any CPU.Build.0 = Debug|Any CPU
		{3CC95451-4A9E-4FFA-8CAA-35C786248F68}.Release|Any CPU.ActiveCfg = Release|Any CPU
		{3CC95451-4A9E-4FFA-8CAA-35C786248F68}.Release|Any CPU.Build.0 = Release|Any CPU
	EndGlobalSection
	GlobalSection(SolutionProperties) = preSolution
		HideSolutionNode = FALSE
	EndGlobalSection
	GlobalSection(ExtensibilityGlobals) = postSolution
		SolutionGuid = {CD16A464-9921-4D22-92B9-4BFFF854A766}
	EndGlobalSection
EndGlobal
